
Microsoft Visual Studio Solution File, Format Version 12.00
# Visual Studio Version 16
VisualStudioVersion = 16.0.29613.14
MinimumVisualStudioVersion = 10.0.40219.1
Project("{FAE04EC0-301F-11D3-BF4B-00C04F79EFBC}") = "AzureApplication", "AzureApplication\AzureApplication.csproj", "{6199784D-DD10-47BB-BEBD-1A8B8678EFDB}"
EndProject
Global
	GlobalSection(SolutionConfigurationPlatforms) = preSolution
		Debug|Any CPU = Debug|Any CPU
		Release|Any CPU = Release|Any CPU
	EndGlobalSection
	GlobalSection(ProjectConfigurationPlatforms) = postSolution
		{6199784D-DD10-47BB-BEBD-1A8B8678EFDB}.Debug|Any CPU.ActiveCfg = Debug|Any CPU
		{6199784D-DD10-47BB-BEBD-1A8B8678EFDB}.Debug|Any CPU.Build.0 = Debug|Any CPU
		{6199784D-DD10-47BB-BEBD-1A8B8678EFDB}.Release|Any CPU.ActiveCfg = Release|Any CPU
		{6199784D-DD10-47BB-BEBD-1A8B8678EFDB}.Release|Any CPU.Build.0 = Release|Any CPU
	EndGlobalSection
	GlobalSection(SolutionProperties) = preSolution
		HideSolutionNode = FALSE
	EndGlobalSection
	GlobalSection(ExtensibilityGlobals) = postSolution
		SolutionGuid = {0F537E2D-BD3B-4220-A980-0C7DAFF06478}
	EndGlobalSection
EndGlobal
